[
  {
    "schema": "public",
    "table": "versions",
    "constraints": [
      {
        "constraint_catalog": "postgres",
        "constraint_schema": "public",
        "constraint_name": "versions_pkey",
        "table_catalog": "postgres",
        "table_schema": "public",
        "table_name": "versions",
        "constraint_type": "PRIMARY KEY",
        "is_deferrable": "NO",
        "initially_deferred": "NO",
        "enforced": "YES",
        "nulls_distinct": null,
        "column_name": "version",
        "ordinal_position": 1,
        "position_in_unique_constraint": null,
        "foreign_table_name": "versions",
        "foreign_column_name": "version",
        "foreign_table_schema": "public"
      }
    ],
    "columns": [
      {
        "column_name": "version",
        "udt_name": "int8",
        "is_nullable": "NO",
        "is_generated": "NEVER",
        "data_type": "bigint",
        "isArray": false
      },
      {
        "column_name": "name",
        "udt_name": "text",
        "is_nullable": "YES",
        "is_generated": "NEVER",
        "data_type": "text",
        "isArray": false
      },
      {
        "column_name": "md5",
        "udt_name": "text",
        "is_nullable": "YES",
        "is_generated": "NEVER",
        "data_type": "text",
        "isArray": false
      },
      {
        "column_name": "run_at",
        "udt_name": "timestamptz",
        "is_nullable": "YES",
        "is_generated": "NEVER",
        "data_type": "timestamp with time zone",
        "isArray": false
      }
    ]
  },
  {
    "schema": "public",
    "table": "boms",
    "constraints": [
      {
        "constraint_catalog": "postgres",
        "constraint_schema": "public",
        "constraint_name": "bom_pkey",
        "table_catalog": "postgres",
        "table_schema": "public",
        "table_name": "boms",
        "constraint_type": "PRIMARY KEY",
        "is_deferrable": "NO",
        "initially_deferred": "NO",
        "enforced": "YES",
        "nulls_distinct": null,
        "column_name": "uuid",
        "ordinal_position": 1,
        "position_in_unique_constraint": null,
        "foreign_table_name": "boms",
        "foreign_column_name": "uuid",
        "foreign_table_schema": "public"
      }
    ],
    "columns": [
      {
        "column_name": "id",
        "udt_name": "int4",
        "is_nullable": "NO",
        "is_generated": "NEVER",
        "data_type": "integer",
        "isArray": false
      },
      {
        "column_name": "selection",
        "udt_name": "text",
        "is_nullable": "NO",
        "is_generated": "NEVER",
        "data_type": "text",
        "isArray": false
      },
      {
        "column_name": "type",
        "udt_name": "text",
        "is_nullable": "NO",
        "is_generated": "NEVER",
        "data_type": "text",
        "isArray": false
      },
      {
        "column_name": "level",
        "udt_name": "int4",
        "is_nullable": "NO",
        "is_generated": "NEVER",
        "data_type": "integer",
        "isArray": false
      },
      {
        "column_name": "t_n",
        "udt_name": "int4",
        "is_nullable": "NO",
        "is_generated": "NEVER",
        "data_type": "integer",
        "isArray": false
      },
      {
        "column_name": "quantity",
        "udt_name": "int4",
        "is_nullable": "NO",
        "is_generated": "NEVER",
        "data_type": "integer",
        "isArray": false
      },
      {
        "column_name": "item",
        "udt_name": "text",
        "is_nullable": "NO",
        "is_generated": "NEVER",
        "data_type": "text",
        "isArray": false
      },
      {
        "column_name": "parent",
        "udt_name": "text",
        "is_nullable": "NO",
        "is_generated": "NEVER",
        "data_type": "text",
        "isArray": false
      },
      {
        "column_name": "path",
        "udt_name": "text",
        "is_nullable": "NO",
        "is_generated": "NEVER",
        "data_type": "text",
        "isArray": false
      },
      {
        "column_name": "path_id",
        "udt_name": "text",
        "is_nullable": "NO",
        "is_generated": "NEVER",
        "data_type": "text",
        "isArray": false
      },
      {
        "column_name": "revision",
        "udt_name": "text",
        "is_nullable": "NO",
        "is_generated": "NEVER",
        "data_type": "text",
        "isArray": false
      },
      {
        "column_name": "description",
        "udt_name": "text",
        "is_nullable": "NO",
        "is_generated": "NEVER",
        "data_type": "text",
        "isArray": false
      },
      {
        "column_name": "description_en",
        "udt_name": "text",
        "is_nullable": "NO",
        "is_generated": "NEVER",
        "data_type": "text",
        "isArray": false
      },
      {
        "column_name": "spare_index",
        "udt_name": "text",
        "is_nullable": "NO",
        "is_generated": "NEVER",
        "data_type": "text",
        "isArray": false
      },
      {
        "column_name": "wbe",
        "udt_name": "text",
        "is_nullable": "NO",
        "is_generated": "NEVER",
        "data_type": "text",
        "isArray": false
      },
      {
        "column_name": "description_wbe",
        "udt_name": "text",
        "is_nullable": "NO",
        "is_generated": "NEVER",
        "data_type": "text",
        "isArray": false
      },
      {
        "column_name": "plant_id",
        "udt_name": "text",
        "is_nullable": "NO",
        "is_generated": "NEVER",
        "data_type": "text",
        "isArray": false
      },
      {
        "column_name": "createdAt",
        "udt_name": "timestamp",
        "is_nullable": "NO",
        "is_generated": "NEVER",
        "data_type": "timestamp without time zone",
        "isArray": false
      },
      {
        "column_name": "updatedAt",
        "udt_name": "timestamp",
        "is_nullable": "YES",
        "is_generated": "NEVER",
        "data_type": "timestamp without time zone",
        "isArray": false
      },
      {
        "column_name": "uuid",
        "udt_name": "uuid",
        "is_nullable": "NO",
        "is_generated": "NEVER",
        "data_type": "uuid",
        "isArray": false
      }
    ]
  },
  {
    "schema": "public",
    "table": "notes",
    "constraints": [
      {
        "constraint_catalog": "postgres",
        "constraint_schema": "public",
        "constraint_name": "note_pkey",
        "table_catalog": "postgres",
        "table_schema": "public",
        "table_name": "notes",
        "constraint_type": "PRIMARY KEY",
        "is_deferrable": "NO",
        "initially_deferred": "NO",
        "enforced": "YES",
        "nulls_distinct": null,
        "column_name": "uuid",
        "ordinal_position": 1,
        "position_in_unique_constraint": null,
        "foreign_table_name": "notes",
        "foreign_column_name": "uuid",
        "foreign_table_schema": "public"
      },
      {
        "constraint_catalog": "postgres",
        "constraint_schema": "public",
        "constraint_name": "note_uuid_fkey",
        "table_catalog": "postgres",
        "table_schema": "public",
        "table_name": "notes",
        "constraint_type": "FOREIGN KEY",
        "is_deferrable": "NO",
        "initially_deferred": "NO",
        "enforced": "YES",
        "nulls_distinct": null,
        "column_name": "uuid",
        "ordinal_position": 1,
        "position_in_unique_constraint": 1,
        "foreign_table_name": "boms",
        "foreign_column_name": "uuid",
        "foreign_table_schema": "public",
        "loweredTableWithSchemaName": "notes",
        "foreignEntityName": "bom",
        "entityName": "note"
      }
    ],
    "columns": [
      {
        "column_name": "uuid",
        "udt_name": "uuid",
        "is_nullable": "NO",
        "is_generated": "NEVER",
        "data_type": "uuid",
        "isArray": false
      },
      {
        "column_name": "content",
        "udt_name": "varchar",
        "is_nullable": "NO",
        "is_generated": "NEVER",
        "data_type": "character varying",
        "isArray": false
      },
      {
        "column_name": "createdAt",
        "udt_name": "timestamp",
        "is_nullable": "NO",
        "is_generated": "NEVER",
        "data_type": "timestamp without time zone",
        "isArray": false
      },
      {
        "column_name": "updatedAt",
        "udt_name": "timestamp",
        "is_nullable": "YES",
        "is_generated": "NEVER",
        "data_type": "timestamp without time zone",
        "isArray": false
      }
    ]
  },
  {
    "schema": "public",
    "table": "drawings",
    "constraints": [
      {
        "constraint_catalog": "postgres",
        "constraint_schema": "public",
        "constraint_name": "drawing_pkey",
        "table_catalog": "postgres",
        "table_schema": "public",
        "table_name": "drawings",
        "constraint_type": "PRIMARY KEY",
        "is_deferrable": "NO",
        "initially_deferred": "NO",
        "enforced": "YES",
        "nulls_distinct": null,
        "column_name": "uuid",
        "ordinal_position": 1,
        "position_in_unique_constraint": null,
        "foreign_table_name": "drawings",
        "foreign_column_name": "uuid",
        "foreign_table_schema": "public"
      }
    ],
    "columns": [
      {
        "column_name": "filename",
        "udt_name": "text",
        "is_nullable": "NO",
        "is_generated": "NEVER",
        "data_type": "text",
        "isArray": false
      },
      {
        "column_name": "extension",
        "udt_name": "text",
        "is_nullable": "NO",
        "is_generated": "NEVER",
        "data_type": "text",
        "isArray": false
      },
      {
        "column_name": "size",
        "udt_name": "int4",
        "is_nullable": "NO",
        "is_generated": "NEVER",
        "data_type": "integer",
        "isArray": false
      },
      {
        "column_name": "creation_date",
        "udt_name": "timestamp",
        "is_nullable": "NO",
        "is_generated": "NEVER",
        "data_type": "timestamp without time zone",
        "isArray": false
      },
      {
        "column_name": "last_access_date",
        "udt_name": "timestamp",
        "is_nullable": "NO",
        "is_generated": "NEVER",
        "data_type": "timestamp without time zone",
        "isArray": false
      },
      {
        "column_name": "last_modified_date",
        "udt_name": "timestamp",
        "is_nullable": "NO",
        "is_generated": "NEVER",
        "data_type": "timestamp without time zone",
        "isArray": false
      },
      {
        "column_name": "plant_id",
        "udt_name": "text",
        "is_nullable": "NO",
        "is_generated": "NEVER",
        "data_type": "text",
        "isArray": false
      },
      {
        "column_name": "uuid",
        "udt_name": "uuid",
        "is_nullable": "NO",
        "is_generated": "NEVER",
        "data_type": "uuid",
        "isArray": false
      },
      {
        "column_name": "item",
        "udt_name": "text",
        "is_nullable": "YES",
        "is_generated": "NEVER",
        "data_type": "text",
        "isArray": false
      }
    ]
  }
]